
Microsoft Visual Studio Solution File, Format Version 12.00
# Visual Studio 15
VisualStudioVersion = 15.0.28010.2003
MinimumVisualStudioVersion = 10.0.40219.1
Project("{FAE04EC0-301F-11D3-BF4B-00C04F79EFBC}") = "WcfServiceLibraryConversion", "WcfServiceLibraryConversion\WcfServiceLibraryConversion.csproj", "{6C4DEAF8-261A-497B-A5C7-3157CE5A1BB9}"
EndProject
Project("{FAE04EC0-301F-11D3-BF4B-00C04F79EFBC}") = "WcfServiceLibraryConversion_Client", "WcfServiceLibraryConversion_Client\WcfServiceLibraryConversion_Client.csproj", "{12D1875C-00CE-4019-A493-BB0E285848A0}"
	ProjectSection(ProjectDependencies) = postProject
		{6C4DEAF8-261A-497B-A5C7-3157CE5A1BB9} = {6C4DEAF8-261A-497B-A5C7-3157CE5A1BB9}
	EndProjectSection
EndProject
Global
	GlobalSection(SolutionConfigurationPlatforms) = preSolution
		Debug|Any CPU = Debug|Any CPU
		Release|Any CPU = Release|Any CPU
	EndGlobalSection
	GlobalSection(ProjectConfigurationPlatforms) = postSolution
		{6C4DEAF8-261A-497B-A5C7-3157CE5A1BB9}.Debug|Any CPU.ActiveCfg = Debug|Any CPU
		{6C4DEAF8-261A-497B-A5C7-3157CE5A1BB9}.Debug|Any CPU.Build.0 = Debug|Any CPU
		{6C4DEAF8-261A-497B-A5C7-3157CE5A1BB9}.Release|Any CPU.ActiveCfg = Release|Any CPU
		{6C4DEAF8-261A-497B-A5C7-3157CE5A1BB9}.Release|Any CPU.Build.0 = Release|Any CPU
		{12D1875C-00CE-4019-A493-BB0E285848A0}.Debug|Any CPU.ActiveCfg = Debug|Any CPU
		{12D1875C-00CE-4019-A493-BB0E285848A0}.Debug|Any CPU.Build.0 = Debug|Any CPU
		{12D1875C-00CE-4019-A493-BB0E285848A0}.Release|Any CPU.ActiveCfg = Release|Any CPU
		{12D1875C-00CE-4019-A493-BB0E285848A0}.Release|Any CPU.Build.0 = Release|Any CPU
	EndGlobalSection
	GlobalSection(SolutionProperties) = preSolution
		HideSolutionNode = FALSE
	EndGlobalSection
	GlobalSection(ExtensibilityGlobals) = postSolution
		SolutionGuid = {8C599B9A-9187-4B5C-8705-CA66ACB60BD0}
	EndGlobalSection
EndGlobal
