
Microsoft Visual Studio Solution File, Format Version 12.00
# Visual Studio 15
VisualStudioVersion = 15.0.26430.14
MinimumVisualStudioVersion = 10.0.40219.1
Project("{FAE04EC0-301F-11D3-BF4B-00C04F79EFBC}") = "Demo6c_CreationComposantEInclusionInToolbox", "Demo6c_CreationComposantEInclusionInToolbox\Demo6c_CreationComposantEInclusionInToolbox.csproj", "{FE428352-7D5C-43D3-9137-69B3C2A83795}"
EndProject
Project("{FAE04EC0-301F-11D3-BF4B-00C04F79EFBC}") = "ClientContact", "ClientContact\ClientContact.csproj", "{1F2381FF-4492-4AF6-A939-02BA6E22A695}"
EndProject
Global
	GlobalSection(SolutionConfigurationPlatforms) = preSolution
		Debug|Any CPU = Debug|Any CPU
		Release|Any CPU = Release|Any CPU
	EndGlobalSection
	GlobalSection(ProjectConfigurationPlatforms) = postSolution
		{FE428352-7D5C-43D3-9137-69B3C2A83795}.Debug|Any CPU.ActiveCfg = Debug|Any CPU
		{FE428352-7D5C-43D3-9137-69B3C2A83795}.Debug|Any CPU.Build.0 = Debug|Any CPU
		{FE428352-7D5C-43D3-9137-69B3C2A83795}.Release|Any CPU.ActiveCfg = Release|Any CPU
		{FE428352-7D5C-43D3-9137-69B3C2A83795}.Release|Any CPU.Build.0 = Release|Any CPU
		{1F2381FF-4492-4AF6-A939-02BA6E22A695}.Debug|Any CPU.ActiveCfg = Debug|Any CPU
		{1F2381FF-4492-4AF6-A939-02BA6E22A695}.Debug|Any CPU.Build.0 = Debug|Any CPU
		{1F2381FF-4492-4AF6-A939-02BA6E22A695}.Release|Any CPU.ActiveCfg = Release|Any CPU
		{1F2381FF-4492-4AF6-A939-02BA6E22A695}.Release|Any CPU.Build.0 = Release|Any CPU
	EndGlobalSection
	GlobalSection(SolutionProperties) = preSolution
		HideSolutionNode = FALSE
	EndGlobalSection
EndGlobal
