
Microsoft Visual Studio Solution File, Format Version 12.00
# Visual Studio 14
VisualStudioVersion = 14.0.25420.1
MinimumVisualStudioVersion = 10.0.40219.1
Project("{FAE04EC0-301F-11D3-BF4B-00C04F79EFBC}") = "Exe1", "Exe1\Exe1.csproj", "{78134ED2-7ECC-4D26-842C-C14D61B4370D}"
EndProject
Project("{FAE04EC0-301F-11D3-BF4B-00C04F79EFBC}") = "Exe2", "Exe2\Exe2.csproj", "{2DCE435F-D303-44A2-B581-5E490D441B8E}"
EndProject
Project("{FAE04EC0-301F-11D3-BF4B-00C04F79EFBC}") = "Exe3", "Exe3\Exe3.csproj", "{AD725DAB-0E82-4120-BFF8-A57AE236B36B}"
EndProject
Project("{FAE04EC0-301F-11D3-BF4B-00C04F79EFBC}") = "Exe7", "Exe7\Exe7.csproj", "{04031D6D-AD9B-4AA1-9A99-7716A10ADE4E}"
EndProject
Project("{FAE04EC0-301F-11D3-BF4B-00C04F79EFBC}") = "Exe4", "Exe4\Exe4.csproj", "{2A1FDF62-F8AF-42EE-BAE3-612EA414F885}"
EndProject
Project("{FAE04EC0-301F-11D3-BF4B-00C04F79EFBC}") = "Exe5", "Exe5\Exe5.csproj", "{5514E6B7-DFD4-40BE-B34F-07B635C01F07}"
EndProject
Project("{FAE04EC0-301F-11D3-BF4B-00C04F79EFBC}") = "Exe6", "Exe6\Exe6.csproj", "{B7779CB9-200B-4819-A865-68E6A8E098BD}"
EndProject
Global
	GlobalSection(SolutionConfigurationPlatforms) = preSolution
		Debug|Any CPU = Debug|Any CPU
		Release|Any CPU = Release|Any CPU
	EndGlobalSection
	GlobalSection(ProjectConfigurationPlatforms) = postSolution
		{78134ED2-7ECC-4D26-842C-C14D61B4370D}.Debug|Any CPU.ActiveCfg = Debug|Any CPU
		{78134ED2-7ECC-4D26-842C-C14D61B4370D}.Debug|Any CPU.Build.0 = Debug|Any CPU
		{78134ED2-7ECC-4D26-842C-C14D61B4370D}.Release|Any CPU.ActiveCfg = Release|Any CPU
		{78134ED2-7ECC-4D26-842C-C14D61B4370D}.Release|Any CPU.Build.0 = Release|Any CPU
		{2DCE435F-D303-44A2-B581-5E490D441B8E}.Debug|Any CPU.ActiveCfg = Debug|Any CPU
		{2DCE435F-D303-44A2-B581-5E490D441B8E}.Debug|Any CPU.Build.0 = Debug|Any CPU
		{2DCE435F-D303-44A2-B581-5E490D441B8E}.Release|Any CPU.ActiveCfg = Release|Any CPU
		{2DCE435F-D303-44A2-B581-5E490D441B8E}.Release|Any CPU.Build.0 = Release|Any CPU
		{AD725DAB-0E82-4120-BFF8-A57AE236B36B}.Debug|Any CPU.ActiveCfg = Debug|Any CPU
		{AD725DAB-0E82-4120-BFF8-A57AE236B36B}.Debug|Any CPU.Build.0 = Debug|Any CPU
		{AD725DAB-0E82-4120-BFF8-A57AE236B36B}.Release|Any CPU.ActiveCfg = Release|Any CPU
		{AD725DAB-0E82-4120-BFF8-A57AE236B36B}.Release|Any CPU.Build.0 = Release|Any CPU
		{04031D6D-AD9B-4AA1-9A99-7716A10ADE4E}.Debug|Any CPU.ActiveCfg = Debug|Any CPU
		{04031D6D-AD9B-4AA1-9A99-7716A10ADE4E}.Debug|Any CPU.Build.0 = Debug|Any CPU
		{04031D6D-AD9B-4AA1-9A99-7716A10ADE4E}.Release|Any CPU.ActiveCfg = Release|Any CPU
		{04031D6D-AD9B-4AA1-9A99-7716A10ADE4E}.Release|Any CPU.Build.0 = Release|Any CPU
		{2A1FDF62-F8AF-42EE-BAE3-612EA414F885}.Debug|Any CPU.ActiveCfg = Debug|Any CPU
		{2A1FDF62-F8AF-42EE-BAE3-612EA414F885}.Debug|Any CPU.Build.0 = Debug|Any CPU
		{2A1FDF62-F8AF-42EE-BAE3-612EA414F885}.Release|Any CPU.ActiveCfg = Release|Any CPU
		{2A1FDF62-F8AF-42EE-BAE3-612EA414F885}.Release|Any CPU.Build.0 = Release|Any CPU
		{5514E6B7-DFD4-40BE-B34F-07B635C01F07}.Debug|Any CPU.ActiveCfg = Debug|Any CPU
		{5514E6B7-DFD4-40BE-B34F-07B635C01F07}.Debug|Any CPU.Build.0 = Debug|Any CPU
		{5514E6B7-DFD4-40BE-B34F-07B635C01F07}.Release|Any CPU.ActiveCfg = Release|Any CPU
		{5514E6B7-DFD4-40BE-B34F-07B635C01F07}.Release|Any CPU.Build.0 = Release|Any CPU
		{B7779CB9-200B-4819-A865-68E6A8E098BD}.Debug|Any CPU.ActiveCfg = Debug|Any CPU
		{B7779CB9-200B-4819-A865-68E6A8E098BD}.Debug|Any CPU.Build.0 = Debug|Any CPU
		{B7779CB9-200B-4819-A865-68E6A8E098BD}.Release|Any CPU.ActiveCfg = Release|Any CPU
		{B7779CB9-200B-4819-A865-68E6A8E098BD}.Release|Any CPU.Build.0 = Release|Any CPU
	EndGlobalSection
	GlobalSection(SolutionProperties) = preSolution
		HideSolutionNode = FALSE
	EndGlobalSection
EndGlobal
