
Microsoft Visual Studio Solution File, Format Version 12.00
# Visual Studio 14
VisualStudioVersion = 14.0.25420.1
MinimumVisualStudioVersion = 10.0.40219.1
Project("{FAE04EC0-301F-11D3-BF4B-00C04F79EFBC}") = "ConvertisseurTemperature", "ConvertisseurTemperature\ConvertisseurTemperature.csproj", "{A08E100B-CE9C-463A-8636-2BC52209ED4C}"
EndProject
Project("{FAE04EC0-301F-11D3-BF4B-00C04F79EFBC}") = "ProjetDebutant", "ProjetDebutant\ProjetDebutant.csproj", "{ACDE37F6-DF49-4A8D-A953-1E24512B2B1A}"
EndProject
Global
	GlobalSection(SolutionConfigurationPlatforms) = preSolution
		Debug|Any CPU = Debug|Any CPU
		Release|Any CPU = Release|Any CPU
	EndGlobalSection
	GlobalSection(ProjectConfigurationPlatforms) = postSolution
		{A08E100B-CE9C-463A-8636-2BC52209ED4C}.Debug|Any CPU.ActiveCfg = Debug|Any CPU
		{A08E100B-CE9C-463A-8636-2BC52209ED4C}.Debug|Any CPU.Build.0 = Debug|Any CPU
		{A08E100B-CE9C-463A-8636-2BC52209ED4C}.Release|Any CPU.ActiveCfg = Release|Any CPU
		{A08E100B-CE9C-463A-8636-2BC52209ED4C}.Release|Any CPU.Build.0 = Release|Any CPU
		{ACDE37F6-DF49-4A8D-A953-1E24512B2B1A}.Debug|Any CPU.ActiveCfg = Debug|Any CPU
		{ACDE37F6-DF49-4A8D-A953-1E24512B2B1A}.Debug|Any CPU.Build.0 = Debug|Any CPU
		{ACDE37F6-DF49-4A8D-A953-1E24512B2B1A}.Release|Any CPU.ActiveCfg = Release|Any CPU
		{ACDE37F6-DF49-4A8D-A953-1E24512B2B1A}.Release|Any CPU.Build.0 = Release|Any CPU
	EndGlobalSection
	GlobalSection(SolutionProperties) = preSolution
		HideSolutionNode = FALSE
	EndGlobalSection
EndGlobal
